
Microsoft Visual Studio Solution File, Format Version 12.00
# Visual Studio 15
VisualStudioVersion = 15.0.27703.2042
MinimumVisualStudioVersion = 10.0.40219.1
Project("{FAE04EC0-301F-11D3-BF4B-00C04F79EFBC}") = "CaseConversion", "CaseConversion\CaseConversion.csproj", "{0FED08C0-6ECE-4458-B757-2EDB503D129B}"
EndProject
Project("{FAE04EC0-301F-11D3-BF4B-00C04F79EFBC}") = "CaseConversion.Tests", "CaseConversion.Tests\CaseConversion.Tests.csproj", "{0E15959C-A1CF-4CB0-8E38-D1690260D62B}"
EndProject
Global
	GlobalSection(SolutionConfigurationPlatforms) = preSolution
		Debug|Any CPU = Debug|Any CPU
		Release|Any CPU = Release|Any CPU
	EndGlobalSection
	GlobalSection(ProjectConfigurationPlatforms) = postSolution
		{0FED08C0-6ECE-4458-B757-2EDB503D129B}.Debug|Any CPU.ActiveCfg = Debug|Any CPU
		{0FED08C0-6ECE-4458-B757-2EDB503D129B}.Debug|Any CPU.Build.0 = Debug|Any CPU
		{0FED08C0-6ECE-4458-B757-2EDB503D129B}.Release|Any CPU.ActiveCfg = Release|Any CPU
		{0FED08C0-6ECE-4458-B757-2EDB503D129B}.Release|Any CPU.Build.0 = Release|Any CPU
		{0E15959C-A1CF-4CB0-8E38-D1690260D62B}.Debug|Any CPU.ActiveCfg = Debug|Any CPU
		{0E15959C-A1CF-4CB0-8E38-D1690260D62B}.Debug|Any CPU.Build.0 = Debug|Any CPU
		{0E15959C-A1CF-4CB0-8E38-D1690260D62B}.Release|Any CPU.ActiveCfg = Release|Any CPU
		{0E15959C-A1CF-4CB0-8E38-D1690260D62B}.Release|Any CPU.Build.0 = Release|Any CPU
	EndGlobalSection
	GlobalSection(SolutionProperties) = preSolution
		HideSolutionNode = FALSE
	EndGlobalSection
	GlobalSection(ExtensibilityGlobals) = postSolution
		SolutionGuid = {A8C9B477-DE3E-457C-A40D-D5D131240396}
	EndGlobalSection
EndGlobal
